
Microsoft Visual Studio Solution File, Format Version 11.00
# Visual Studio 2010
Project("{8BC9CEB8-8B4A-11D0-8D11-00A0C91BC942}") = "dz24.2", "dz24.2\dz24.2.vcxproj", "{C67D9A65-63D9-4DD7-AAAC-3B36AB7628BB}"
EndProject
Global
	GlobalSection(SolutionConfigurationPlatforms) = preSolution
		Debug|Win32 = Debug|Win32
		Release|Win32 = Release|Win32
	EndGlobalSection
	GlobalSection(ProjectConfigurationPlatforms) = postSolution
		{C67D9A65-63D9-4DD7-AAAC-3B36AB7628BB}.Debug|Win32.ActiveCfg = Debug|Win32
		{C67D9A65-63D9-4DD7-AAAC-3B36AB7628BB}.Debug|Win32.Build.0 = Debug|Win32
		{C67D9A65-63D9-4DD7-AAAC-3B36AB7628BB}.Release|Win32.ActiveCfg = Release|Win32
		{C67D9A65-63D9-4DD7-AAAC-3B36AB7628BB}.Release|Win32.Build.0 = Release|Win32
	EndGlobalSection
	GlobalSection(SolutionProperties) = preSolution
		HideSolutionNode = FALSE
	EndGlobalSection
EndGlobal
